{
    "_readme": [
        "This file locks the dependencies of your project to a known state",
        "Read more about it at https://getcomposer.org/doc/01-basic-usage.md#installing-dependencies",
        "This file is @generated automatically"
    ],
    "content-hash": "c9c2fd4587ea301d4700afa173b266f2",
    "packages": [
        {
            "name": "mora/core",
            "version": "0.4.1",
            "source": {
                "type": "git",
                "url": "https://github.com/SandratraRM/mora-core.git",
                "reference": "7556bbfe82fd34bf6c885eee649863b668b2947a"
            },
            "dist": {
                "type": "zip",
                "url": "https://api.github.com/repos/SandratraRM/mora-core/zipball/7556bbfe82fd34bf6c885eee649863b668b2947a",
                "reference": "7556bbfe82fd34bf6c885eee649863b668b2947a",
                "shasum": ""
            },
            "require": {
                "pear/console_color2": "0.1.2",
                "pear/console_table": "1.3.1",
                "php": "^7.0"
            },
            "type": "library",
            "autoload": {
                "psr-4": {
                    "Mora\\Core\\": "src/"
                }
            },
            "notification-url": "https://packagist.org/downloads/",
            "license": [
                "MIT"
            ],
            "authors": [
                {
                    "name": "Sandratra Rambeloson",
                    "email": "sandratrarambelosonm@gmail.com"
                }
            ],
            "description": "The core of the Framework mora",
            "time": "2020-08-23T13:31:38+00:00"
        },
        {
            "name": "pear/console_color2",
            "version": "0.1.2",
            "source": {
                "type": "git",
                "url": "https://github.com/pear/Console_Color2.git",
                "reference": "cab2b886aa55cc9e23464d1f49edf97bee9f5a63"
            },
            "dist": {
                "type": "zip",
                "url": "https://api.github.com/repos/pear/Console_Color2/zipball/cab2b886aa55cc9e23464d1f49edf97bee9f5a63",
                "reference": "cab2b886aa55cc9e23464d1f49edf97bee9f5a63",
                "shasum": ""
            },
            "require": {
                "php": ">=5.0.0"
            },
            "type": "library",
            "autoload": {
                "psr-0": {
                    "Console_Color2": ""
                }
            },
            "notification-url": "https://packagist.org/downloads/",
            "license": [
                "MIT"
            ],
            "authors": [
                {
                    "name": "Daniel O'Connor",
                    "email": "daniel.oconnor@gmail.com",
                    "role": "Pear Developer"
                },
                {
                    "name": "Stefan Walk",
                    "email": "et@php.net"
                },
                {
                    "name": "Scott Mattocks",
                    "email": "scottmattocks@php.net"
                }
            ],
            "description": "This Class allows you to easily use ANSI console colors in your application.",
            "homepage": "https://github.com/pear/Console_Color2",
            "keywords": [
                "console"
            ],
            "time": "2012-10-23T11:52:18+00:00"
        },
        {
            "name": "pear/console_table",
            "version": "v1.3.1",
            "source": {
                "type": "git",
                "url": "https://github.com/pear/Console_Table.git",
                "reference": "1930c11897ca61fd24b95f2f785e99e0f36dcdea"
            },
            "dist": {
                "type": "zip",
                "url": "https://api.github.com/repos/pear/Console_Table/zipball/1930c11897ca61fd24b95f2f785e99e0f36dcdea",
                "reference": "1930c11897ca61fd24b95f2f785e99e0f36dcdea",
                "shasum": ""
            },
            "require": {
                "php": ">=5.2.0"
            },
            "suggest": {
                "pear/Console_Color2": ">=0.1.2"
            },
            "type": "library",
            "autoload": {
                "classmap": [
                    "Table.php"
                ]
            },
            "notification-url": "https://packagist.org/downloads/",
            "license": [
                "BSD-2-Clause"
            ],
            "authors": [
                {
                    "name": "Jan Schneider",
                    "homepage": "http://pear.php.net/user/yunosh"
                },
                {
                    "name": "Tal Peer",
                    "homepage": "http://pear.php.net/user/tal"
                },
                {
                    "name": "Xavier Noguer",
                    "homepage": "http://pear.php.net/user/xnoguer"
                },
                {
                    "name": "Richard Heyes",
                    "homepage": "http://pear.php.net/user/richard"
                }
            ],
            "description": "Library that makes it easy to build console style tables.",
            "homepage": "http://pear.php.net/package/Console_Table/",
            "keywords": [
                "console"
            ],
            "time": "2018-01-25T20:47:17+00:00"
        }
    ],
    "packages-dev": [],
    "aliases": [],
    "minimum-stability": "stable",
    "stability-flags": [],
    "prefer-stable": false,
    "prefer-lowest": false,
    "platform": {
        "ext-pdo": "*"
    },
    "platform-dev": []
}
